github.com/FairyTale5571/go-ip-api v0.0.0-20210718002603-1cfa9347e1db h1:HlafGnda3cAaw8ZNJgWg1bhVvWCjGL4NW85fd8X5JRE=
github.com/FairyTale5571/go-ip-api v0.0.0-20210718002603-1cfa9347e1db/go.mod h1:6gIT0j5vYxXb7IRbTSjPrXOy2s7wPWJ+FFU/ck/2GZM=
github.com/SilverCory/golang_discord_rpc v0.0.0-20180113011840-5a79545921ad h1:v4qtKZ1wvHvD6aJNIPjTTAGrgGzd9A9FnSG063qFFdk=
github.com/SilverCory/golang_discord_rpc v0.0.0-20180113011840-5a79545921ad/go.mod h1:dXa7SpZkQlInbNamtMdBAb/x7wa63dFDuPmdAbJp1yA=
github.com/StackExchange/wmi v1.2.1 h1:VIkavFPXSjcnS+O8yTq7NI32k0R5Aj+v39y29VYDOSA=
github.com/StackExchange/wmi v1.2.1/go.mod h1:rcmrprowKIVzvc+NUiLncP2uuArMWLCbu9SBzvHz7e8=
github.com/davecgh/go-spew v1.1.0/go.mod h1:J7Y8YcW2NihsgmVo/mv3lAwl/skON4iLHjSsI+c5H38=
github.com/davecgh/go-spew v1.1.1 h1:vj9j/u1bqnvCEfJOwUhtlOARqs3+rkHYY13jYWTU97c=
github.com/davecgh/go-spew v1.1.1/go.mod h1:J7Y8YcW2NihsgmVo/mv3lAwl/skON4iLHjSsI+c5H38=
github.com/disgoorg/disgo v0.7.5-0.20220326145558-0c7982618192 h1:67fBtDYbfWY+jXd+KQiHE45hwUnbx1UzqR0voZb2Vgg=
github.com/disgoorg/disgo v0.7.5-0.20220326145558-0c7982618192/go.mod h1:F5Qj4yeX3auG0JiEY3pP5nRSUjBsbuhITTAslNsIOvA=
github.com/disgoorg/dislog v1.0.6 h1:mAgpPObgYE60gGV0H1XLbdkwZ9KTEoqTmrYnZ2BaDnM=
github.com/disgoorg/dislog v1.0.6/go.mod h1:6yRnFQfH1LXCwdEgz7BIhvhmCDXX5NJAkXWE64KkgSc=
github.com/disgoorg/log v1.2.0 h1:sqlXnu/ZKAlIlHV9IO+dbMto7/hCQ474vlIdMWk8QKo=
github.com/disgoorg/log v1.2.0/go.mod h1:3x1KDG6DI1CE2pDwi3qlwT3wlXpeHW/5rVay+1qDqOo=
github.com/disgoorg/snowflake v1.1.0 h1:uVF9QqI31uqo0kzbZahwvjaYQxn40SUfFK5pCNzfjYQ=
github.com/disgoorg/snowflake v1.1.0/go.mod h1:wUUTKWS1jSV0gIb3TSPsdJORNF8BcjKTjVeyrULEhr8=
github.com/go-ole/go-ole v1.2.5 h1:t4MGB5xEDZvXI+0rMjjsfBsD7yAgp/s9ZDkL1JndXwY=
github.com/go-ole/go-ole v1.2.5/go.mod h1:pprOEPIfldk/42T2oK7lQ4v4JSDwmV0As9GaiUsvbm0=
github.com/gorilla/websocket v1.5.0 h1:PPwGk2jz7EePpoHN/+ClbZu8SPxiqlu12wZP/3sWmnc=
github.com/gorilla/websocket v1.5.0/go.mod h1:YR8l580nyteQvAITg2hZ9XVh4b55+EU/adAjf1fMHhE=
github.com/hajimehoshi/go-steamworks v0.0.0-20210924161842-5878c59769e0 h1:aQZbQARP3SeixJzLdopULavajBBgZpEuMN8mmZ8aFT8=
github.com/hajimehoshi/go-steamworks v0.0.0-20210924161842-5878c59769e0/go.mod h1:NfK6zPtJoj97CSo79mCInPSiHR9g8ci9Fr8Iey/zKyM=
github.com/jpillora/backoff v1.0.0 h1:uvFg412JmmHBHw7iwprIxkPMI+sGQ4kzOWsMeHnm2EA=
github.com/jpillora/backoff v1.0.0/go.mod h1:J/6gKK9jxlEcS3zixgDgUAsiuZ7yrSoa/FX5e0EB2j4=
github.com/mitchellh/go-ps v1.0.0 h1:i6ampVEEF4wQFF+bkYfwYgY+F/uYJDktmvLPf7qIgjc=
github.com/mitchellh/go-ps v1.0.0/go.mod h1:J4lOc8z8yJs6vUwklHw2XEIiT4z4C40KtWVN3nvg8Pg=
github.com/patrickmn/go-cache v2.1.0+incompatible h1:HRMgzkcYKYpi3C8ajMPV8OFXaaRUnok+kx1WdO15EQc=
github.com/patrickmn/go-cache v2.1.0+incompatible/go.mod h1:3Qf8kWWT7OJRJbdiICTKqZju1ZixQ/KpMGzzAfe6+WQ=
github.com/pmezard/go-difflib v1.0.0 h1:4DBwDE0NGyQoBHbLQYPwSUPoCMWR5BEzIk/f1lZbAQM=
github.com/pmezard/go-difflib v1.0.0/go.mod h1:iKH77koFhYxTK1pcRnkKkqfTogsbg7gZNVY4sRDYZ/4=
github.com/rdegges/go-ipify v0.0.0-20150526035502-2d94a6a86c40 h1:31Y7UZ1yTYBU4E79CE52I/1IRi3TqiuwquXGNtZDXWs=
github.com/rdegges/go-ipify v0.0.0-20150526035502-2d94a6a86c40/go.mod h1:j4c6zEU0eMG1oiZPUy+zD4ykX0NIpjZAEOEAviTWC18=
github.com/sasha-s/go-csync v0.0.0-20210812194225-61421b77c44b h1:qYTY2tN72LhgDj2rtWG+LI6TXFl2ygFQQ4YezfVaGQE=
github.com/sasha-s/go-csync v0.0.0-20210812194225-61421b77c44b/go.mod h1:/pA7k3zsXKdjjAiUhB5CjuKib9KJGCaLvZwtxGC8U0s=
github.com/sirupsen/logrus v1.9.0 h1:trlNQbNUG3OdDrDil03MCb1H2o9nJ1x4/5LYw7byDE0=
github.com/sirupsen/logrus v1.9.0/go.mod h1:naHLuLoDiP4jHNo9R0sCBMtWGeIprob74mVsIT4qYEQ=
github.com/stretchr/objx v0.1.0/go.mod h1:HFkY916IF+rwdDfMAkV7OtwuqBVzrE8GR6GFx+wExME=
github.com/stretchr/testify v1.7.0 h1:nwc3DEeHmmLAfoZucVR881uASk0Mfjw8xYJ99tb5CcY=
github.com/stretchr/testify v1.7.0/go.mod h1:6Fq8oRcR53rry900zMqJjRRixrwX3KX962/h/Wwjteg=
golang.org/x/sys v0.0.0-20190916202348-b4ddaad3f8a3/go.mod h1:h1NjWce9XRLGQEsW7wpKNCjG9DtNlClVuFLEZdDNbEs=
golang.org/x/sys v0.0.0-20210823070655-63515b42dcdf/go.mod h1:oPkhp1MJrh7nUepCBck5+mAzfO9JrbApNNgaTdGDITg=
golang.org/x/sys v0.0.0-20220715151400-c0bba94af5f8/go.mod h1:oPkhp1MJrh7nUepCBck5+mAzfO9JrbApNNgaTdGDITg=
golang.org/x/sys v0.0.0-20220811171246-fbc7d0a398ab h1:2QkjZIsXupsJbJIdSjjUOgWK3aEtzyuh2mPt3l/CkeU=
golang.org/x/sys v0.0.0-20220811171246-fbc7d0a398ab/go.mod h1:oPkhp1MJrh7nUepCBck5+mAzfO9JrbApNNgaTdGDITg=
gopkg.in/check.v1 v0.0.0-20161208181325-20d25e280405/go.mod h1:Co6ibVJAznAaIkqp8huTwlJQCZ016jof/cbN4VW5Yz0=
gopkg.in/natefinch/npipe.v2 v2.0.0-20160621034901-c1b8fa8bdcce h1:+JknDZhAj8YMt7GC73Ei8pv4MzjDUNPHgQWJdtMAaDU=
gopkg.in/natefinch/npipe.v2 v2.0.0-20160621034901-c1b8fa8bdcce/go.mod h1:5AcXVHNjg+BDxry382+8OKon8SEWiKktQR07RKPsv1c=
gopkg.in/yaml.v3 v3.0.0-20200313102051-9f266ea9e77c h1:dUUwHk2QECo/6vqA44rthZ8ie2QXMNeKRTHCNY2nXvo=
gopkg.in/yaml.v3 v3.0.0-20200313102051-9f266ea9e77c/go.mod h1:K4uyk7z7BCEPqu6E+C64Yfv1cQ7kz7rIZviUmN+EgEM=
